
Microsoft Visual Studio Solution File, Format Version 11.00
# Visual Studio 2010
Project("{FAE04EC0-301F-11D3-BF4B-00C04F79EFBC}") = "ohTopology", "ohTopology\ohTopology.csproj", "{B6F3BF75-F35B-4A83-A3F9-2812B97ACA28}"
EndProject
Project("{FAE04EC0-301F-11D3-BF4B-00C04F79EFBC}") = "TestTopology1", "TestTopology1\TestTopology1.csproj", "{C01F51D1-9DBB-4A46-852A-A64CC3921329}"
EndProject
Project("{FAE04EC0-301F-11D3-BF4B-00C04F79EFBC}") = "TestTopology2", "TestTopology2\TestTopology2.csproj", "{58118A04-DD5A-48A8-B195-F2996AE2CCEB}"
EndProject
Project("{FAE04EC0-301F-11D3-BF4B-00C04F79EFBC}") = "TestTopology3", "TestTopology3\TestTopology3.csproj", "{FECD1705-18BE-4F0E-8EFB-BF4FBB8F29F8}"
EndProject
Project("{FAE04EC0-301F-11D3-BF4B-00C04F79EFBC}") = "TestTopology4", "TestTopology4\TestTopology4.csproj", "{568BA31E-AD8F-4E37-9EB2-B1D831D23AE9}"
EndProject
Project("{FAE04EC0-301F-11D3-BF4B-00C04F79EFBC}") = "TestStandardHouse", "TestStandardHouse\TestStandardHouse.csproj", "{E0F37C22-1673-463C-A338-55F29BC36165}"
EndProject
Project("{FAE04EC0-301F-11D3-BF4B-00C04F79EFBC}") = "ohCollectMediaTree", "ohCollectMediaTree\ohCollectMediaTree.csproj", "{7B87422B-CD79-40AC-A133-EDA6D2152520}"
EndProject
Project("{FAE04EC0-301F-11D3-BF4B-00C04F79EFBC}") = "TestMediaServer", "TestMediaServer\TestMediaServer.csproj", "{0FECB989-7ACA-48A5-BC50-2090C722F18B}"
EndProject
Project("{FAE04EC0-301F-11D3-BF4B-00C04F79EFBC}") = "TestZone", "TestZone\TestZone.csproj", "{B8A0CF6F-2FB5-4992-9CD9-9E358CAF9887}"
EndProject
Project("{FAE04EC0-301F-11D3-BF4B-00C04F79EFBC}") = "TestTopologym", "TestTopologym\TestTopologym.csproj", "{DC3DA1FE-05ED-4263-BDE5-768D6C2BCC5D}"
EndProject
Global
	GlobalSection(SolutionConfigurationPlatforms) = preSolution
		Debug|Any CPU = Debug|Any CPU
		Release|Any CPU = Release|Any CPU
	EndGlobalSection
	GlobalSection(ProjectConfigurationPlatforms) = postSolution
		{B6F3BF75-F35B-4A83-A3F9-2812B97ACA28}.Debug|Any CPU.ActiveCfg = Debug|Any CPU
		{B6F3BF75-F35B-4A83-A3F9-2812B97ACA28}.Debug|Any CPU.Build.0 = Debug|Any CPU
		{B6F3BF75-F35B-4A83-A3F9-2812B97ACA28}.Release|Any CPU.ActiveCfg = Release|Any CPU
		{B6F3BF75-F35B-4A83-A3F9-2812B97ACA28}.Release|Any CPU.Build.0 = Release|Any CPU
		{C01F51D1-9DBB-4A46-852A-A64CC3921329}.Debug|Any CPU.ActiveCfg = Debug|Any CPU
		{C01F51D1-9DBB-4A46-852A-A64CC3921329}.Debug|Any CPU.Build.0 = Debug|Any CPU
		{C01F51D1-9DBB-4A46-852A-A64CC3921329}.Release|Any CPU.ActiveCfg = Release|Any CPU
		{C01F51D1-9DBB-4A46-852A-A64CC3921329}.Release|Any CPU.Build.0 = Release|Any CPU
		{58118A04-DD5A-48A8-B195-F2996AE2CCEB}.Debug|Any CPU.ActiveCfg = Debug|Any CPU
		{58118A04-DD5A-48A8-B195-F2996AE2CCEB}.Debug|Any CPU.Build.0 = Debug|Any CPU
		{58118A04-DD5A-48A8-B195-F2996AE2CCEB}.Release|Any CPU.ActiveCfg = Release|Any CPU
		{58118A04-DD5A-48A8-B195-F2996AE2CCEB}.Release|Any CPU.Build.0 = Release|Any CPU
		{FECD1705-18BE-4F0E-8EFB-BF4FBB8F29F8}.Debug|Any CPU.ActiveCfg = Debug|Any CPU
		{FECD1705-18BE-4F0E-8EFB-BF4FBB8F29F8}.Debug|Any CPU.Build.0 = Debug|Any CPU
		{FECD1705-18BE-4F0E-8EFB-BF4FBB8F29F8}.Release|Any CPU.ActiveCfg = Release|Any CPU
		{FECD1705-18BE-4F0E-8EFB-BF4FBB8F29F8}.Release|Any CPU.Build.0 = Release|Any CPU
		{568BA31E-AD8F-4E37-9EB2-B1D831D23AE9}.Debug|Any CPU.ActiveCfg = Debug|Any CPU
		{568BA31E-AD8F-4E37-9EB2-B1D831D23AE9}.Debug|Any CPU.Build.0 = Debug|Any CPU
		{568BA31E-AD8F-4E37-9EB2-B1D831D23AE9}.Release|Any CPU.ActiveCfg = Release|Any CPU
		{568BA31E-AD8F-4E37-9EB2-B1D831D23AE9}.Release|Any CPU.Build.0 = Release|Any CPU
		{E0F37C22-1673-463C-A338-55F29BC36165}.Debug|Any CPU.ActiveCfg = Debug|Any CPU
		{E0F37C22-1673-463C-A338-55F29BC36165}.Debug|Any CPU.Build.0 = Debug|Any CPU
		{E0F37C22-1673-463C-A338-55F29BC36165}.Release|Any CPU.ActiveCfg = Release|Any CPU
		{E0F37C22-1673-463C-A338-55F29BC36165}.Release|Any CPU.Build.0 = Release|Any CPU
		{7B87422B-CD79-40AC-A133-EDA6D2152520}.Debug|Any CPU.ActiveCfg = Debug|Any CPU
		{7B87422B-CD79-40AC-A133-EDA6D2152520}.Debug|Any CPU.Build.0 = Debug|Any CPU
		{7B87422B-CD79-40AC-A133-EDA6D2152520}.Release|Any CPU.ActiveCfg = Release|Any CPU
		{7B87422B-CD79-40AC-A133-EDA6D2152520}.Release|Any CPU.Build.0 = Release|Any CPU
		{0FECB989-7ACA-48A5-BC50-2090C722F18B}.Debug|Any CPU.ActiveCfg = Debug|Any CPU
		{0FECB989-7ACA-48A5-BC50-2090C722F18B}.Debug|Any CPU.Build.0 = Debug|Any CPU
		{0FECB989-7ACA-48A5-BC50-2090C722F18B}.Release|Any CPU.ActiveCfg = Release|Any CPU
		{0FECB989-7ACA-48A5-BC50-2090C722F18B}.Release|Any CPU.Build.0 = Release|Any CPU
		{B8A0CF6F-2FB5-4992-9CD9-9E358CAF9887}.Debug|Any CPU.ActiveCfg = Debug|Any CPU
		{B8A0CF6F-2FB5-4992-9CD9-9E358CAF9887}.Debug|Any CPU.Build.0 = Debug|Any CPU
		{B8A0CF6F-2FB5-4992-9CD9-9E358CAF9887}.Release|Any CPU.ActiveCfg = Release|Any CPU
		{B8A0CF6F-2FB5-4992-9CD9-9E358CAF9887}.Release|Any CPU.Build.0 = Release|Any CPU
		{DC3DA1FE-05ED-4263-BDE5-768D6C2BCC5D}.Debug|Any CPU.ActiveCfg = Debug|Any CPU
		{DC3DA1FE-05ED-4263-BDE5-768D6C2BCC5D}.Debug|Any CPU.Build.0 = Debug|Any CPU
		{DC3DA1FE-05ED-4263-BDE5-768D6C2BCC5D}.Release|Any CPU.ActiveCfg = Release|Any CPU
		{DC3DA1FE-05ED-4263-BDE5-768D6C2BCC5D}.Release|Any CPU.Build.0 = Release|Any CPU
	EndGlobalSection
	GlobalSection(SolutionProperties) = preSolution
		HideSolutionNode = FALSE
	EndGlobalSection
	GlobalSection(MonoDevelopProperties) = preSolution
		StartupItem = TestTopology4\TestTopology4.csproj
	EndGlobalSection
EndGlobal
