
Microsoft Visual Studio Solution File, Format Version 11.00
# Visual Studio 2010
Project("{FAE04EC0-301F-11D3-BF4B-00C04F79EFBC}") = "ohTopology", "ohTopology\ohTopology.csproj", "{B6F3BF75-F35B-4A83-A3F9-2812B97ACA28}"
EndProject
Project("{FAE04EC0-301F-11D3-BF4B-00C04F79EFBC}") = "TestTopology1", "TestTopology1\TestTopology1.csproj", "{C01F51D1-9DBB-4A46-852A-A64CC3921329}"
EndProject
Project("{FAE04EC0-301F-11D3-BF4B-00C04F79EFBC}") = "TestTopology2", "TestTopology2\TestTopology2.csproj", "{58118A04-DD5A-48A8-B195-F2996AE2CCEB}"
EndProject
Project("{FAE04EC0-301F-11D3-BF4B-00C04F79EFBC}") = "TestTopology3", "TestTopology3\TestTopology3.csproj", "{FECD1705-18BE-4F0E-8EFB-BF4FBB8F29F8}"
EndProject
Project("{FAE04EC0-301F-11D3-BF4B-00C04F79EFBC}") = "TestTopology4", "TestTopology4\TestTopology4.csproj", "{568BA31E-AD8F-4E37-9EB2-B1D831D23AE9}"
EndProject
Project("{FAE04EC0-301F-11D3-BF4B-00C04F79EFBC}") = "TestStandardHouse", "TestStandardHouse\TestStandardHouse.csproj", "{E0F37C22-1673-463C-A338-55F29BC36165}"
EndProject
Project("{FAE04EC0-301F-11D3-BF4B-00C04F79EFBC}") = "ohCollectMediaTree", "ohCollectMediaTree\ohCollectMediaTree.csproj", "{7B87422B-CD79-40AC-A133-EDA6D2152520}"
EndProject
Project("{FAE04EC0-301F-11D3-BF4B-00C04F79EFBC}") = "TestMediaServer", "TestMediaServer\TestMediaServer.csproj", "{0FECB989-7ACA-48A5-BC50-2090C722F18B}"
EndProject
Project("{FAE04EC0-301F-11D3-BF4B-00C04F79EFBC}") = "TestZone", "TestZone\TestZone.csproj", "{B8A0CF6F-2FB5-4992-9CD9-9E358CAF9887}"
EndProject
Project("{FAE04EC0-301F-11D3-BF4B-00C04F79EFBC}") = "TestTopologym", "TestTopologym\TestTopologym.csproj", "{DC3DA1FE-05ED-4263-BDE5-768D6C2BCC5D}"
EndProject
Project("{FAE04EC0-301F-11D3-BF4B-00C04F79EFBC}") = "TestIdCache", "TestIdCache\TestIdCache.csproj", "{A73547E2-18CF-4B24-9F5B-4435443CA9D1}"
EndProject
Project("{FAE04EC0-301F-11D3-BF4B-00C04F79EFBC}") = "TestRegistration", "TestRegistration\TestRegistration.csproj", "{A09CD337-953F-425E-BCEF-A32FF5415C26}"
EndProject
Project("{FAE04EC0-301F-11D3-BF4B-00C04F79EFBC}") = "TestMediaEndpoint", "TestMediaEndpoint\TestMediaEndpoint.csproj", "{2B115343-B3C3-40A0-AB30-924C7F236426}"
EndProject
Project("{FAE04EC0-301F-11D3-BF4B-00C04F79EFBC}") = "BrowseMediaEndpoint", "BrowseMediaEndpoint\BrowseMediaEndpoint.csproj", "{5184210C-450C-4123-AE4B-D31692D2B95E}"
EndProject
Global
	GlobalSection(SolutionConfigurationPlatforms) = preSolution
		Debug|Any CPU = Debug|Any CPU
		Debug|Mixed Platforms = Debug|Mixed Platforms
		Debug|x86 = Debug|x86
		Release|Any CPU = Release|Any CPU
		Release|Mixed Platforms = Release|Mixed Platforms
		Release|x86 = Release|x86
	EndGlobalSection
	GlobalSection(ProjectConfigurationPlatforms) = postSolution
		{B6F3BF75-F35B-4A83-A3F9-2812B97ACA28}.Debug|Any CPU.ActiveCfg = Debug|Any CPU
		{B6F3BF75-F35B-4A83-A3F9-2812B97ACA28}.Debug|Any CPU.Build.0 = Debug|Any CPU
		{B6F3BF75-F35B-4A83-A3F9-2812B97ACA28}.Debug|Mixed Platforms.ActiveCfg = Debug|Any CPU
		{B6F3BF75-F35B-4A83-A3F9-2812B97ACA28}.Debug|Mixed Platforms.Build.0 = Debug|Any CPU
		{B6F3BF75-F35B-4A83-A3F9-2812B97ACA28}.Debug|x86.ActiveCfg = Debug|Any CPU
		{B6F3BF75-F35B-4A83-A3F9-2812B97ACA28}.Release|Any CPU.ActiveCfg = Release|Any CPU
		{B6F3BF75-F35B-4A83-A3F9-2812B97ACA28}.Release|Any CPU.Build.0 = Release|Any CPU
		{B6F3BF75-F35B-4A83-A3F9-2812B97ACA28}.Release|Mixed Platforms.ActiveCfg = Release|Any CPU
		{B6F3BF75-F35B-4A83-A3F9-2812B97ACA28}.Release|Mixed Platforms.Build.0 = Release|Any CPU
		{B6F3BF75-F35B-4A83-A3F9-2812B97ACA28}.Release|x86.ActiveCfg = Release|Any CPU
		{C01F51D1-9DBB-4A46-852A-A64CC3921329}.Debug|Any CPU.ActiveCfg = Debug|Any CPU
		{C01F51D1-9DBB-4A46-852A-A64CC3921329}.Debug|Any CPU.Build.0 = Debug|Any CPU
		{C01F51D1-9DBB-4A46-852A-A64CC3921329}.Debug|Mixed Platforms.ActiveCfg = Debug|Any CPU
		{C01F51D1-9DBB-4A46-852A-A64CC3921329}.Debug|Mixed Platforms.Build.0 = Debug|Any CPU
		{C01F51D1-9DBB-4A46-852A-A64CC3921329}.Debug|x86.ActiveCfg = Debug|Any CPU
		{C01F51D1-9DBB-4A46-852A-A64CC3921329}.Release|Any CPU.ActiveCfg = Release|Any CPU
		{C01F51D1-9DBB-4A46-852A-A64CC3921329}.Release|Any CPU.Build.0 = Release|Any CPU
		{C01F51D1-9DBB-4A46-852A-A64CC3921329}.Release|Mixed Platforms.ActiveCfg = Release|Any CPU
		{C01F51D1-9DBB-4A46-852A-A64CC3921329}.Release|Mixed Platforms.Build.0 = Release|Any CPU
		{C01F51D1-9DBB-4A46-852A-A64CC3921329}.Release|x86.ActiveCfg = Release|Any CPU
		{58118A04-DD5A-48A8-B195-F2996AE2CCEB}.Debug|Any CPU.ActiveCfg = Debug|Any CPU
		{58118A04-DD5A-48A8-B195-F2996AE2CCEB}.Debug|Any CPU.Build.0 = Debug|Any CPU
		{58118A04-DD5A-48A8-B195-F2996AE2CCEB}.Debug|Mixed Platforms.ActiveCfg = Debug|Any CPU
		{58118A04-DD5A-48A8-B195-F2996AE2CCEB}.Debug|Mixed Platforms.Build.0 = Debug|Any CPU
		{58118A04-DD5A-48A8-B195-F2996AE2CCEB}.Debug|x86.ActiveCfg = Debug|Any CPU
		{58118A04-DD5A-48A8-B195-F2996AE2CCEB}.Release|Any CPU.ActiveCfg = Release|Any CPU
		{58118A04-DD5A-48A8-B195-F2996AE2CCEB}.Release|Any CPU.Build.0 = Release|Any CPU
		{58118A04-DD5A-48A8-B195-F2996AE2CCEB}.Release|Mixed Platforms.ActiveCfg = Release|Any CPU
		{58118A04-DD5A-48A8-B195-F2996AE2CCEB}.Release|Mixed Platforms.Build.0 = Release|Any CPU
		{58118A04-DD5A-48A8-B195-F2996AE2CCEB}.Release|x86.ActiveCfg = Release|Any CPU
		{FECD1705-18BE-4F0E-8EFB-BF4FBB8F29F8}.Debug|Any CPU.ActiveCfg = Debug|Any CPU
		{FECD1705-18BE-4F0E-8EFB-BF4FBB8F29F8}.Debug|Any CPU.Build.0 = Debug|Any CPU
		{FECD1705-18BE-4F0E-8EFB-BF4FBB8F29F8}.Debug|Mixed Platforms.ActiveCfg = Debug|Any CPU
		{FECD1705-18BE-4F0E-8EFB-BF4FBB8F29F8}.Debug|Mixed Platforms.Build.0 = Debug|Any CPU
		{FECD1705-18BE-4F0E-8EFB-BF4FBB8F29F8}.Debug|x86.ActiveCfg = Debug|Any CPU
		{FECD1705-18BE-4F0E-8EFB-BF4FBB8F29F8}.Release|Any CPU.ActiveCfg = Release|Any CPU
		{FECD1705-18BE-4F0E-8EFB-BF4FBB8F29F8}.Release|Any CPU.Build.0 = Release|Any CPU
		{FECD1705-18BE-4F0E-8EFB-BF4FBB8F29F8}.Release|Mixed Platforms.ActiveCfg = Release|Any CPU
		{FECD1705-18BE-4F0E-8EFB-BF4FBB8F29F8}.Release|Mixed Platforms.Build.0 = Release|Any CPU
		{FECD1705-18BE-4F0E-8EFB-BF4FBB8F29F8}.Release|x86.ActiveCfg = Release|Any CPU
		{568BA31E-AD8F-4E37-9EB2-B1D831D23AE9}.Debug|Any CPU.ActiveCfg = Debug|Any CPU
		{568BA31E-AD8F-4E37-9EB2-B1D831D23AE9}.Debug|Any CPU.Build.0 = Debug|Any CPU
		{568BA31E-AD8F-4E37-9EB2-B1D831D23AE9}.Debug|Mixed Platforms.ActiveCfg = Debug|Any CPU
		{568BA31E-AD8F-4E37-9EB2-B1D831D23AE9}.Debug|Mixed Platforms.Build.0 = Debug|Any CPU
		{568BA31E-AD8F-4E37-9EB2-B1D831D23AE9}.Debug|x86.ActiveCfg = Debug|Any CPU
		{568BA31E-AD8F-4E37-9EB2-B1D831D23AE9}.Release|Any CPU.ActiveCfg = Release|Any CPU
		{568BA31E-AD8F-4E37-9EB2-B1D831D23AE9}.Release|Any CPU.Build.0 = Release|Any CPU
		{568BA31E-AD8F-4E37-9EB2-B1D831D23AE9}.Release|Mixed Platforms.ActiveCfg = Release|Any CPU
		{568BA31E-AD8F-4E37-9EB2-B1D831D23AE9}.Release|Mixed Platforms.Build.0 = Release|Any CPU
		{568BA31E-AD8F-4E37-9EB2-B1D831D23AE9}.Release|x86.ActiveCfg = Release|Any CPU
		{E0F37C22-1673-463C-A338-55F29BC36165}.Debug|Any CPU.ActiveCfg = Debug|Any CPU
		{E0F37C22-1673-463C-A338-55F29BC36165}.Debug|Any CPU.Build.0 = Debug|Any CPU
		{E0F37C22-1673-463C-A338-55F29BC36165}.Debug|Mixed Platforms.ActiveCfg = Debug|Any CPU
		{E0F37C22-1673-463C-A338-55F29BC36165}.Debug|Mixed Platforms.Build.0 = Debug|Any CPU
		{E0F37C22-1673-463C-A338-55F29BC36165}.Debug|x86.ActiveCfg = Debug|Any CPU
		{E0F37C22-1673-463C-A338-55F29BC36165}.Release|Any CPU.ActiveCfg = Release|Any CPU
		{E0F37C22-1673-463C-A338-55F29BC36165}.Release|Any CPU.Build.0 = Release|Any CPU
		{E0F37C22-1673-463C-A338-55F29BC36165}.Release|Mixed Platforms.ActiveCfg = Release|Any CPU
		{E0F37C22-1673-463C-A338-55F29BC36165}.Release|Mixed Platforms.Build.0 = Release|Any CPU
		{E0F37C22-1673-463C-A338-55F29BC36165}.Release|x86.ActiveCfg = Release|Any CPU
		{7B87422B-CD79-40AC-A133-EDA6D2152520}.Debug|Any CPU.ActiveCfg = Debug|Any CPU
		{7B87422B-CD79-40AC-A133-EDA6D2152520}.Debug|Any CPU.Build.0 = Debug|Any CPU
		{7B87422B-CD79-40AC-A133-EDA6D2152520}.Debug|Mixed Platforms.ActiveCfg = Debug|Any CPU
		{7B87422B-CD79-40AC-A133-EDA6D2152520}.Debug|Mixed Platforms.Build.0 = Debug|Any CPU
		{7B87422B-CD79-40AC-A133-EDA6D2152520}.Debug|x86.ActiveCfg = Debug|Any CPU
		{7B87422B-CD79-40AC-A133-EDA6D2152520}.Release|Any CPU.ActiveCfg = Release|Any CPU
		{7B87422B-CD79-40AC-A133-EDA6D2152520}.Release|Any CPU.Build.0 = Release|Any CPU
		{7B87422B-CD79-40AC-A133-EDA6D2152520}.Release|Mixed Platforms.ActiveCfg = Release|Any CPU
		{7B87422B-CD79-40AC-A133-EDA6D2152520}.Release|Mixed Platforms.Build.0 = Release|Any CPU
		{7B87422B-CD79-40AC-A133-EDA6D2152520}.Release|x86.ActiveCfg = Release|Any CPU
		{0FECB989-7ACA-48A5-BC50-2090C722F18B}.Debug|Any CPU.ActiveCfg = Debug|Any CPU
		{0FECB989-7ACA-48A5-BC50-2090C722F18B}.Debug|Any CPU.Build.0 = Debug|Any CPU
		{0FECB989-7ACA-48A5-BC50-2090C722F18B}.Debug|Mixed Platforms.ActiveCfg = Debug|Any CPU
		{0FECB989-7ACA-48A5-BC50-2090C722F18B}.Debug|Mixed Platforms.Build.0 = Debug|Any CPU
		{0FECB989-7ACA-48A5-BC50-2090C722F18B}.Debug|x86.ActiveCfg = Debug|Any CPU
		{0FECB989-7ACA-48A5-BC50-2090C722F18B}.Release|Any CPU.ActiveCfg = Release|Any CPU
		{0FECB989-7ACA-48A5-BC50-2090C722F18B}.Release|Any CPU.Build.0 = Release|Any CPU
		{0FECB989-7ACA-48A5-BC50-2090C722F18B}.Release|Mixed Platforms.ActiveCfg = Release|Any CPU
		{0FECB989-7ACA-48A5-BC50-2090C722F18B}.Release|Mixed Platforms.Build.0 = Release|Any CPU
		{0FECB989-7ACA-48A5-BC50-2090C722F18B}.Release|x86.ActiveCfg = Release|Any CPU
		{B8A0CF6F-2FB5-4992-9CD9-9E358CAF9887}.Debug|Any CPU.ActiveCfg = Debug|Any CPU
		{B8A0CF6F-2FB5-4992-9CD9-9E358CAF9887}.Debug|Any CPU.Build.0 = Debug|Any CPU
		{B8A0CF6F-2FB5-4992-9CD9-9E358CAF9887}.Debug|Mixed Platforms.ActiveCfg = Debug|Any CPU
		{B8A0CF6F-2FB5-4992-9CD9-9E358CAF9887}.Debug|Mixed Platforms.Build.0 = Debug|Any CPU
		{B8A0CF6F-2FB5-4992-9CD9-9E358CAF9887}.Debug|x86.ActiveCfg = Debug|Any CPU
		{B8A0CF6F-2FB5-4992-9CD9-9E358CAF9887}.Release|Any CPU.ActiveCfg = Release|Any CPU
		{B8A0CF6F-2FB5-4992-9CD9-9E358CAF9887}.Release|Any CPU.Build.0 = Release|Any CPU
		{B8A0CF6F-2FB5-4992-9CD9-9E358CAF9887}.Release|Mixed Platforms.ActiveCfg = Release|Any CPU
		{B8A0CF6F-2FB5-4992-9CD9-9E358CAF9887}.Release|Mixed Platforms.Build.0 = Release|Any CPU
		{B8A0CF6F-2FB5-4992-9CD9-9E358CAF9887}.Release|x86.ActiveCfg = Release|Any CPU
		{DC3DA1FE-05ED-4263-BDE5-768D6C2BCC5D}.Debug|Any CPU.ActiveCfg = Debug|Any CPU
		{DC3DA1FE-05ED-4263-BDE5-768D6C2BCC5D}.Debug|Any CPU.Build.0 = Debug|Any CPU
		{DC3DA1FE-05ED-4263-BDE5-768D6C2BCC5D}.Debug|Mixed Platforms.ActiveCfg = Debug|Any CPU
		{DC3DA1FE-05ED-4263-BDE5-768D6C2BCC5D}.Debug|Mixed Platforms.Build.0 = Debug|Any CPU
		{DC3DA1FE-05ED-4263-BDE5-768D6C2BCC5D}.Debug|x86.ActiveCfg = Debug|Any CPU
		{DC3DA1FE-05ED-4263-BDE5-768D6C2BCC5D}.Release|Any CPU.ActiveCfg = Release|Any CPU
		{DC3DA1FE-05ED-4263-BDE5-768D6C2BCC5D}.Release|Any CPU.Build.0 = Release|Any CPU
		{DC3DA1FE-05ED-4263-BDE5-768D6C2BCC5D}.Release|Mixed Platforms.ActiveCfg = Release|Any CPU
		{DC3DA1FE-05ED-4263-BDE5-768D6C2BCC5D}.Release|Mixed Platforms.Build.0 = Release|Any CPU
		{DC3DA1FE-05ED-4263-BDE5-768D6C2BCC5D}.Release|x86.ActiveCfg = Release|Any CPU
		{A73547E2-18CF-4B24-9F5B-4435443CA9D1}.Debug|Any CPU.ActiveCfg = Debug|Any CPU
		{A73547E2-18CF-4B24-9F5B-4435443CA9D1}.Debug|Any CPU.Build.0 = Debug|Any CPU
		{A73547E2-18CF-4B24-9F5B-4435443CA9D1}.Debug|Mixed Platforms.ActiveCfg = Debug|Any CPU
		{A73547E2-18CF-4B24-9F5B-4435443CA9D1}.Debug|Mixed Platforms.Build.0 = Debug|Any CPU
		{A73547E2-18CF-4B24-9F5B-4435443CA9D1}.Debug|x86.ActiveCfg = Debug|Any CPU
		{A73547E2-18CF-4B24-9F5B-4435443CA9D1}.Release|Any CPU.ActiveCfg = Release|Any CPU
		{A73547E2-18CF-4B24-9F5B-4435443CA9D1}.Release|Any CPU.Build.0 = Release|Any CPU
		{A73547E2-18CF-4B24-9F5B-4435443CA9D1}.Release|Mixed Platforms.ActiveCfg = Release|Any CPU
		{A73547E2-18CF-4B24-9F5B-4435443CA9D1}.Release|Mixed Platforms.Build.0 = Release|Any CPU
		{A73547E2-18CF-4B24-9F5B-4435443CA9D1}.Release|x86.ActiveCfg = Release|Any CPU
		{A09CD337-953F-425E-BCEF-A32FF5415C26}.Debug|Any CPU.ActiveCfg = Debug|Any CPU
		{A09CD337-953F-425E-BCEF-A32FF5415C26}.Debug|Any CPU.Build.0 = Debug|Any CPU
		{A09CD337-953F-425E-BCEF-A32FF5415C26}.Debug|Mixed Platforms.ActiveCfg = Debug|Any CPU
		{A09CD337-953F-425E-BCEF-A32FF5415C26}.Debug|Mixed Platforms.Build.0 = Debug|Any CPU
		{A09CD337-953F-425E-BCEF-A32FF5415C26}.Debug|x86.ActiveCfg = Debug|Any CPU
		{A09CD337-953F-425E-BCEF-A32FF5415C26}.Release|Any CPU.ActiveCfg = Release|Any CPU
		{A09CD337-953F-425E-BCEF-A32FF5415C26}.Release|Any CPU.Build.0 = Release|Any CPU
		{A09CD337-953F-425E-BCEF-A32FF5415C26}.Release|Mixed Platforms.ActiveCfg = Release|Any CPU
		{A09CD337-953F-425E-BCEF-A32FF5415C26}.Release|Mixed Platforms.Build.0 = Release|Any CPU
		{A09CD337-953F-425E-BCEF-A32FF5415C26}.Release|x86.ActiveCfg = Release|Any CPU
		{2B115343-B3C3-40A0-AB30-924C7F236426}.Debug|Any CPU.ActiveCfg = Debug|Any CPU
		{2B115343-B3C3-40A0-AB30-924C7F236426}.Debug|Any CPU.Build.0 = Debug|Any CPU
		{2B115343-B3C3-40A0-AB30-924C7F236426}.Debug|Mixed Platforms.ActiveCfg = Debug|Any CPU
		{2B115343-B3C3-40A0-AB30-924C7F236426}.Debug|Mixed Platforms.Build.0 = Debug|Any CPU
		{2B115343-B3C3-40A0-AB30-924C7F236426}.Debug|x86.ActiveCfg = Debug|Any CPU
		{2B115343-B3C3-40A0-AB30-924C7F236426}.Release|Any CPU.ActiveCfg = Release|Any CPU
		{2B115343-B3C3-40A0-AB30-924C7F236426}.Release|Any CPU.Build.0 = Release|Any CPU
		{2B115343-B3C3-40A0-AB30-924C7F236426}.Release|Mixed Platforms.ActiveCfg = Release|Any CPU
		{2B115343-B3C3-40A0-AB30-924C7F236426}.Release|Mixed Platforms.Build.0 = Release|Any CPU
		{2B115343-B3C3-40A0-AB30-924C7F236426}.Release|x86.ActiveCfg = Release|Any CPU
		{5184210C-450C-4123-AE4B-D31692D2B95E}.Debug|Any CPU.ActiveCfg = Debug|x86
		{5184210C-450C-4123-AE4B-D31692D2B95E}.Debug|Mixed Platforms.ActiveCfg = Debug|x86
		{5184210C-450C-4123-AE4B-D31692D2B95E}.Debug|Mixed Platforms.Build.0 = Debug|x86
		{5184210C-450C-4123-AE4B-D31692D2B95E}.Debug|x86.ActiveCfg = Debug|x86
		{5184210C-450C-4123-AE4B-D31692D2B95E}.Debug|x86.Build.0 = Debug|x86
		{5184210C-450C-4123-AE4B-D31692D2B95E}.Release|Any CPU.ActiveCfg = Release|x86
		{5184210C-450C-4123-AE4B-D31692D2B95E}.Release|Mixed Platforms.ActiveCfg = Release|x86
		{5184210C-450C-4123-AE4B-D31692D2B95E}.Release|Mixed Platforms.Build.0 = Release|x86
		{5184210C-450C-4123-AE4B-D31692D2B95E}.Release|x86.ActiveCfg = Release|x86
		{5184210C-450C-4123-AE4B-D31692D2B95E}.Release|x86.Build.0 = Release|x86
	EndGlobalSection
	GlobalSection(SolutionProperties) = preSolution
		HideSolutionNode = FALSE
	EndGlobalSection
	GlobalSection(MonoDevelopProperties) = preSolution
		StartupItem = TestStandardHouse\TestStandardHouse.csproj
	EndGlobalSection
EndGlobal
